github.com/google/pprof v0.0.0-20221118152302-e6195bd50e26 h1:Xim43kblpZXfIBQsbuBVKCudVG457BR2GZFIz3uw3hQ=
github.com/google/pprof v0.0.0-20221118152302-e6195bd50e26/go.mod h1:dDKJzRmX4S37WGHujM7tX//fmj1uioxKzKxz3lo4HJo=
github.com/ianlancetaylor/demangle v0.0.0-20220319035150-800ac71e25c2 h1:rcanfLhLDA8nozr/K289V1zcntHr3V+SHlXwzz1ZI2g=
github.com/ianlancetaylor/demangle v0.0.0-20220319035150-800ac71e25c2/go.mod h1:aYm2/VgdVmcIU8iMfdMvDMsRAQjcfZSKFby6HOFvi/w=
golang.org/x/arch v0.2.1-0.20230208145055-40c19ba4a7c5 h1:UFbINK7+lzLJEIqCXPlzx05ivYhLQeXCkxW3SSH3f8Q=
golang.org/x/arch v0.2.1-0.20230208145055-40c19ba4a7c5/go.mod h1:5om86z9Hs0C8fWVUuoMHwpExlXzs5Tkyp9hOrfG7pp8=
golang.org/x/mod v0.8.0 h1:LUYupSeNrTNCGzR/hVBk2NHZO4hXcVaW1k4Qx7rjPx8=
golang.org/x/mod v0.8.0/go.mod h1:iBbtSCu2XBx23ZKBPSOrRkjjQPZFPuis4dIYUhu/chs=
golang.org/x/sync v0.1.0 h1:wsuoTGHzEhffawBOhz5CYhcrV4IdKZbEyZjBMuTp12o=
golang.org/x/sync v0.1.0/go.mod h1:RxMgew5VJxzue5/jJTE5uejpjVlOe/izrB70Jof72aM=
golang.org/x/sys v0.5.1-0.20230208141308-4fee21c92339 h1:qejQWXLeAs3eO3KUJ7VrThA+k04v3zo/FhGln8EizY0=
golang.org/x/sys v0.5.1-0.20230208141308-4fee21c92339/go.mod h1:oPkhp1MJrh7nUepCBck5+mAzfO9JrbApNNgaTdGDITg=
golang.org/x/term v0.5.0 h1:n2a8QNdAb0sZNpU9R1ALUXBbY+w51fCQDN+7EdxNBsY=
golang.org/x/term v0.5.0/go.mod h1:jMB1sMXY+tzblOD4FWmEbocvup2/aLOaQEp7JmGp78k=
golang.org/x/tools v0.5.1-0.20230207232209-1ace7dbcb0de h1:4jmbIl5TAjCdpElDHfccqVTxbYmcojXD9SeGqafSYp0=
golang.org/x/tools v0.5.1-0.20230207232209-1ace7dbcb0de/go.mod h1:N+Kgy78s5I24c24dU8OfWNEotWjutIs8SnJvn5IDq+k=
