github.com/google/go-cmp v0.6.0 h1:ofyhxvXcZhMsU5ulbFiLKl/XBFqE1GSq7atu8tAmTRI=
github.com/google/go-cmp v0.6.0/go.mod h1:17dUlkBOakJ0+DkrSSNjCkIjxS6bF9zb3elmeNGIjoY=
github.com/google/pprof v0.0.0-20250208200701-d0013a598941 h1:43XjGa6toxLpeksjcxs1jIoIyr+vUfOqY2c6HB4bpoc=
github.com/google/pprof v0.0.0-20250208200701-d0013a598941/go.mod h1:vavhavw2zAxS5dIdcRluK6cSGGPlZynqzFM8NdvU144=
github.com/ianlancetaylor/demangle v0.0.0-20240912202439-0a2b6291aafd h1:EVX1s+XNss9jkRW9K6XGJn2jL2lB1h5H804oKPsxOec=
github.com/ianlancetaylor/demangle v0.0.0-20240912202439-0a2b6291aafd/go.mod h1:gx7rwoVhcfuVKG5uya9Hs3Sxj7EIvldVofAWIUtGouw=
github.com/yuin/goldmark v1.6.0 h1:boZcn2GTjpsynOsC0iJHnBWa4Bi0qzfJjthwauItG68=
github.com/yuin/goldmark v1.6.0/go.mod h1:6yULJ656Px+3vBD8DxQVa3kxgyrAnzto9xy5taEt/CY=
golang.org/x/arch v0.20.1-0.20250808194827-46ba08e3ae58 h1:uxPa6+/WsUfzikIAPMqpTho10y4qtYpINBurU+6NrHE=
golang.org/x/arch v0.20.1-0.20250808194827-46ba08e3ae58/go.mod h1:bdwinDaKcfZUGpH09BB7ZmOfhalA8lQdzl62l8gGWsk=
golang.org/x/build v0.0.0-20250806225920-b7c66c047964 h1:yRs1K51GKq7hsIO+YHJ8LsslrvwFceNPIv0tYjpcBd0=
golang.org/x/build v0.0.0-20250806225920-b7c66c047964/go.mod h1:i9Vx7+aOQUpYJRxSO+OpRStVBCVL/9ccI51xblWm5WY=
golang.org/x/mod v0.27.0 h1:kb+q2PyFnEADO2IEF935ehFUXlWiNjJWtRNgBLSfbxQ=
golang.org/x/mod v0.27.0/go.mod h1:rWI627Fq0DEoudcK+MBkNkCe0EetEaDSwJJkCcjpazc=
golang.org/x/sync v0.16.0 h1:ycBJEhp9p4vXvUZNszeOq0kGTPghopOL8q0fq3vstxw=
golang.org/x/sync v0.16.0/go.mod h1:1dzgHSNfp02xaA81J2MS99Qcpr2w7fw1gpm99rleRqA=
golang.org/x/sys v0.35.0 h1:vz1N37gP5bs89s7He8XuIYXpyY0+QlsKmzipCbUtyxI=
golang.org/x/sys v0.35.0/go.mod h1:BJP2sWEmIv4KK5OTEluFJCKSidICx8ciO85XgH3Ak8k=
golang.org/x/telemetry v0.0.0-20250807160809-1a19826ec488 h1:3doPGa+Gg4snce233aCWnbZVFsyFMo/dR40KK/6skyE=
golang.org/x/telemetry v0.0.0-20250807160809-1a19826ec488/go.mod h1:fGb/2+tgXXjhjHsTNdVEEMZNWA0quBnfrO+AfoDSAKw=
golang.org/x/term v0.34.0 h1:O/2T7POpk0ZZ7MAzMeWFSg6S5IpWd/RXDlM9hgM3DR4=
golang.org/x/term v0.34.0/go.mod h1:5jC53AEywhIVebHgPVeg0mj8OD3VO9OzclacVrqpaAw=
golang.org/x/text v0.28.0 h1:rhazDwis8INMIwQ4tpjLDzUhx6RlXqZNPEM0huQojng=
golang.org/x/text v0.28.0/go.mod h1:U8nCwOR8jO/marOQ0QbDiOngZVEBB7MAiitBuMjXiNU=
golang.org/x/tools v0.36.1-0.20250808220315-8866876b956f h1:9m2Iptt9ZZU5llKDJy1XUl5d13PN1ZYV16KwOvE6jOw=
golang.org/x/tools v0.36.1-0.20250808220315-8866876b956f/go.mod h1:WBDiHKJK8YgLHlcQPYQzNCkUxUypCaa5ZegCVutKm+s=
rsc.io/markdown v0.0.0-20240306144322-0bf8f97ee8ef h1:mqLYrXCXYEZOop9/Dbo6RPX11539nwiCNBb1icVPmw8=
rsc.io/markdown v0.0.0-20240306144322-0bf8f97ee8ef/go.mod h1:8xcPgWmwlZONN1D9bjxtHEjrUtSEa3fakVF8iaewYKQ=
